
Microsoft Visual Studio Solution File, Format Version 12.00
# Visual Studio 2013
VisualStudioVersion = 12.0.31101.0
MinimumVisualStudioVersion = 10.0.40219.1
Project("{FAE04EC0-301F-11D3-BF4B-00C04F79EFBC}") = "SoftFluent.SocialEmailLogin", "SoftFluent.SocialEmailLogin\SoftFluent.SocialEmailLogin.csproj", "{6C164D89-001C-463A-BFD7-DC2860D7005D}"
EndProject
Project("{FAE04EC0-301F-11D3-BF4B-00C04F79EFBC}") = "SoftFluent.SocialEmailLogin.Demo", "SoftFluent.SocialEmailLogin.Demo\SoftFluent.SocialEmailLogin.Demo.csproj", "{51A54352-9673-4BCF-939F-38C490A777D4}"
EndProject
Global
	GlobalSection(SolutionConfigurationPlatforms) = preSolution
		Debug|Any CPU = Debug|Any CPU
		Release|Any CPU = Release|Any CPU
	EndGlobalSection
	GlobalSection(ProjectConfigurationPlatforms) = postSolution
		{6C164D89-001C-463A-BFD7-DC2860D7005D}.Debug|Any CPU.ActiveCfg = Debug|Any CPU
		{6C164D89-001C-463A-BFD7-DC2860D7005D}.Debug|Any CPU.Build.0 = Debug|Any CPU
		{6C164D89-001C-463A-BFD7-DC2860D7005D}.Release|Any CPU.ActiveCfg = Release|Any CPU
		{6C164D89-001C-463A-BFD7-DC2860D7005D}.Release|Any CPU.Build.0 = Release|Any CPU
		{51A54352-9673-4BCF-939F-38C490A777D4}.Debug|Any CPU.ActiveCfg = Debug|Any CPU
		{51A54352-9673-4BCF-939F-38C490A777D4}.Debug|Any CPU.Build.0 = Debug|Any CPU
		{51A54352-9673-4BCF-939F-38C490A777D4}.Release|Any CPU.ActiveCfg = Release|Any CPU
		{51A54352-9673-4BCF-939F-38C490A777D4}.Release|Any CPU.Build.0 = Release|Any CPU
	EndGlobalSection
	GlobalSection(SolutionProperties) = preSolution
		HideSolutionNode = FALSE
	EndGlobalSection
EndGlobal
